
Microsoft Visual Studio Solution File, Format Version 11.00
# Visual Studio 2010
Project("{FAE04EC0-301F-11D3-BF4B-00C04F79EFBC}") = "Warlord", "Warlord\Warlord\Warlord.csproj", "{A49069CC-B17F-4679-8D16-BC305A069BE6}"
EndProject
Project("{96E2B04D-8817-42C6-938A-82C39BA4D311}") = "WarlordContent", "Warlord\WarlordContent\WarlordContent.contentproj", "{A5D386EF-45A1-423E-B4FE-29A40BAEC572}"
EndProject
Project("{FAE04EC0-301F-11D3-BF4B-00C04F79EFBC}") = "WarlordUnitTest", "WarlordUnitTest\WarlordUnitTest.csproj", "{5BA38C6B-004F-4C91-BE01-2F104A2F4723}"
EndProject
Project("{2150E333-8FDC-42A3-9474-1A3956D46DE8}") = "Solution Items", "Solution Items", "{D8E0F8F8-CFD0-4BCA-AB9B-92CEBBDD72C3}"
	ProjectSection(SolutionItems) = preProject
		Local.testsettings = Local.testsettings
		TraceAndTestImpact.testsettings = TraceAndTestImpact.testsettings
		Warlord.vsmdi = Warlord.vsmdi
	EndProjectSection
EndProject
Global
	GlobalSection(TestCaseManagementSettings) = postSolution
		CategoryFile = Warlord.vsmdi
	EndGlobalSection
	GlobalSection(SolutionConfigurationPlatforms) = preSolution
		Debug|Any CPU = Debug|Any CPU
		Debug|Mixed Platforms = Debug|Mixed Platforms
		Debug|x86 = Debug|x86
		Release|Any CPU = Release|Any CPU
		Release|Mixed Platforms = Release|Mixed Platforms
		Release|x86 = Release|x86
	EndGlobalSection
	GlobalSection(ProjectConfigurationPlatforms) = postSolution
		{A49069CC-B17F-4679-8D16-BC305A069BE6}.Debug|Any CPU.ActiveCfg = Debug|x86
		{A49069CC-B17F-4679-8D16-BC305A069BE6}.Debug|Mixed Platforms.ActiveCfg = Debug|x86
		{A49069CC-B17F-4679-8D16-BC305A069BE6}.Debug|Mixed Platforms.Build.0 = Debug|x86
		{A49069CC-B17F-4679-8D16-BC305A069BE6}.Debug|x86.ActiveCfg = Debug|x86
		{A49069CC-B17F-4679-8D16-BC305A069BE6}.Debug|x86.Build.0 = Debug|x86
		{A49069CC-B17F-4679-8D16-BC305A069BE6}.Release|Any CPU.ActiveCfg = Release|x86
		{A49069CC-B17F-4679-8D16-BC305A069BE6}.Release|Mixed Platforms.ActiveCfg = Release|x86
		{A49069CC-B17F-4679-8D16-BC305A069BE6}.Release|Mixed Platforms.Build.0 = Release|x86
		{A49069CC-B17F-4679-8D16-BC305A069BE6}.Release|x86.ActiveCfg = Release|x86
		{A49069CC-B17F-4679-8D16-BC305A069BE6}.Release|x86.Build.0 = Release|x86
		{A5D386EF-45A1-423E-B4FE-29A40BAEC572}.Debug|Any CPU.ActiveCfg = Debug|x86
		{A5D386EF-45A1-423E-B4FE-29A40BAEC572}.Debug|Mixed Platforms.ActiveCfg = Debug|x86
		{A5D386EF-45A1-423E-B4FE-29A40BAEC572}.Debug|x86.ActiveCfg = Debug|x86
		{A5D386EF-45A1-423E-B4FE-29A40BAEC572}.Release|Any CPU.ActiveCfg = Release|x86
		{A5D386EF-45A1-423E-B4FE-29A40BAEC572}.Release|Mixed Platforms.ActiveCfg = Release|x86
		{A5D386EF-45A1-423E-B4FE-29A40BAEC572}.Release|x86.ActiveCfg = Release|x86
		{5BA38C6B-004F-4C91-BE01-2F104A2F4723}.Debug|Any CPU.ActiveCfg = Debug|Any CPU
		{5BA38C6B-004F-4C91-BE01-2F104A2F4723}.Debug|Any CPU.Build.0 = Debug|Any CPU
		{5BA38C6B-004F-4C91-BE01-2F104A2F4723}.Debug|Mixed Platforms.ActiveCfg = Debug|Any CPU
		{5BA38C6B-004F-4C91-BE01-2F104A2F4723}.Debug|Mixed Platforms.Build.0 = Debug|Any CPU
		{5BA38C6B-004F-4C91-BE01-2F104A2F4723}.Debug|x86.ActiveCfg = Debug|Any CPU
		{5BA38C6B-004F-4C91-BE01-2F104A2F4723}.Release|Any CPU.ActiveCfg = Release|Any CPU
		{5BA38C6B-004F-4C91-BE01-2F104A2F4723}.Release|Any CPU.Build.0 = Release|Any CPU
		{5BA38C6B-004F-4C91-BE01-2F104A2F4723}.Release|Mixed Platforms.ActiveCfg = Release|Any CPU
		{5BA38C6B-004F-4C91-BE01-2F104A2F4723}.Release|Mixed Platforms.Build.0 = Release|Any CPU
		{5BA38C6B-004F-4C91-BE01-2F104A2F4723}.Release|x86.ActiveCfg = Release|Any CPU
	EndGlobalSection
	GlobalSection(SolutionProperties) = preSolution
		HideSolutionNode = FALSE
	EndGlobalSection
EndGlobal
