
Microsoft Visual Studio Solution File, Format Version 11.00
# Visual Studio 2010
Project("{FAE04EC0-301F-11D3-BF4B-00C04F79EFBC}") = "Warlord", "Warlord\Warlord\Warlord.csproj", "{A49069CC-B17F-4679-8D16-BC305A069BE6}"
	ProjectSection(ProjectDependencies) = postProject
		{A2ABF4AF-6774-4E84-9B81-A9FC2E273BA7} = {A2ABF4AF-6774-4E84-9B81-A9FC2E273BA7}
	EndProjectSection
EndProject
Project("{FAE04EC0-301F-11D3-BF4B-00C04F79EFBC}") = "WarlordContent", "Warlord\WarlordContent\WarlordContent.contentproj", "{A5D386EF-45A1-423E-B4FE-29A40BAEC572}"
EndProject
Project("{2150E333-8FDC-42A3-9474-1A3956D46DE8}") = "Solution Items", "Solution Items", "{D8E0F8F8-CFD0-4BCA-AB9B-92CEBBDD72C3}"
	ProjectSection(SolutionItems) = preProject
		Warlord.vsmdi = Warlord.vsmdi
	EndProjectSection
EndProject
Project("{FAE04EC0-301F-11D3-BF4B-00C04F79EFBC}") = "AnimationLibrary", "AnimationLibrary\AnimationLibrary\AnimationLibrary.csproj", "{35E772D4-2799-4F64-963D-FE8F7E2E8A2C}"
EndProject
Project("{FAE04EC0-301F-11D3-BF4B-00C04F79EFBC}") = "SkinningPipeline", "SkinningPipeline\SkinningPipeline.csproj", "{A2ABF4AF-6774-4E84-9B81-A9FC2E273BA7}"
EndProject
Project("{FAE04EC0-301F-11D3-BF4B-00C04F79EFBC}") = "XNAGraphicsHelper", "XNAGraphicsHelper\XNAGraphicsHelper.csproj", "{B8E2D515-6568-45E4-B6DB-0B8F09B4E887}"
EndProject
Global
	GlobalSection(TestCaseManagementSettings) = postSolution
		CategoryFile = Warlord.vsmdi
	EndGlobalSection
	GlobalSection(SolutionConfigurationPlatforms) = preSolution
		Debug|Any CPU = Debug|Any CPU
		Debug|Mixed Platforms = Debug|Mixed Platforms
		Debug|x86 = Debug|x86
		Release|Any CPU = Release|Any CPU
		Release|Mixed Platforms = Release|Mixed Platforms
		Release|x86 = Release|x86
	EndGlobalSection
	GlobalSection(ProjectConfigurationPlatforms) = postSolution
		{A49069CC-B17F-4679-8D16-BC305A069BE6}.Debug|Any CPU.ActiveCfg = Debug|x86
		{A49069CC-B17F-4679-8D16-BC305A069BE6}.Debug|Mixed Platforms.ActiveCfg = Debug|x86
		{A49069CC-B17F-4679-8D16-BC305A069BE6}.Debug|Mixed Platforms.Build.0 = Debug|x86
		{A49069CC-B17F-4679-8D16-BC305A069BE6}.Debug|x86.ActiveCfg = Debug|x86
		{A49069CC-B17F-4679-8D16-BC305A069BE6}.Debug|x86.Build.0 = Debug|x86
		{A49069CC-B17F-4679-8D16-BC305A069BE6}.Release|Any CPU.ActiveCfg = Release|x86
		{A49069CC-B17F-4679-8D16-BC305A069BE6}.Release|Mixed Platforms.ActiveCfg = Release|x86
		{A49069CC-B17F-4679-8D16-BC305A069BE6}.Release|Mixed Platforms.Build.0 = Release|x86
		{A49069CC-B17F-4679-8D16-BC305A069BE6}.Release|x86.ActiveCfg = Release|x86
		{A49069CC-B17F-4679-8D16-BC305A069BE6}.Release|x86.Build.0 = Release|x86
		{A5D386EF-45A1-423E-B4FE-29A40BAEC572}.Debug|Any CPU.ActiveCfg = Debug|x86
		{A5D386EF-45A1-423E-B4FE-29A40BAEC572}.Debug|Mixed Platforms.ActiveCfg = Debug|x86
		{A5D386EF-45A1-423E-B4FE-29A40BAEC572}.Debug|x86.ActiveCfg = Debug|x86
		{A5D386EF-45A1-423E-B4FE-29A40BAEC572}.Release|Any CPU.ActiveCfg = Release|x86
		{A5D386EF-45A1-423E-B4FE-29A40BAEC572}.Release|Mixed Platforms.ActiveCfg = Release|x86
		{A5D386EF-45A1-423E-B4FE-29A40BAEC572}.Release|x86.ActiveCfg = Release|x86
		{35E772D4-2799-4F64-963D-FE8F7E2E8A2C}.Debug|Any CPU.ActiveCfg = Debug|x86
		{35E772D4-2799-4F64-963D-FE8F7E2E8A2C}.Debug|Mixed Platforms.ActiveCfg = Debug|x86
		{35E772D4-2799-4F64-963D-FE8F7E2E8A2C}.Debug|Mixed Platforms.Build.0 = Debug|x86
		{35E772D4-2799-4F64-963D-FE8F7E2E8A2C}.Debug|x86.ActiveCfg = Debug|x86
		{35E772D4-2799-4F64-963D-FE8F7E2E8A2C}.Debug|x86.Build.0 = Debug|x86
		{35E772D4-2799-4F64-963D-FE8F7E2E8A2C}.Release|Any CPU.ActiveCfg = Release|x86
		{35E772D4-2799-4F64-963D-FE8F7E2E8A2C}.Release|Mixed Platforms.ActiveCfg = Release|x86
		{35E772D4-2799-4F64-963D-FE8F7E2E8A2C}.Release|Mixed Platforms.Build.0 = Release|x86
		{35E772D4-2799-4F64-963D-FE8F7E2E8A2C}.Release|x86.ActiveCfg = Release|x86
		{35E772D4-2799-4F64-963D-FE8F7E2E8A2C}.Release|x86.Build.0 = Release|x86
		{A2ABF4AF-6774-4E84-9B81-A9FC2E273BA7}.Debug|Any CPU.ActiveCfg = Debug|x86
		{A2ABF4AF-6774-4E84-9B81-A9FC2E273BA7}.Debug|Any CPU.Build.0 = Debug|x86
		{A2ABF4AF-6774-4E84-9B81-A9FC2E273BA7}.Debug|Mixed Platforms.ActiveCfg = Debug|x86
		{A2ABF4AF-6774-4E84-9B81-A9FC2E273BA7}.Debug|Mixed Platforms.Build.0 = Debug|x86
		{A2ABF4AF-6774-4E84-9B81-A9FC2E273BA7}.Debug|x86.ActiveCfg = Debug|x86
		{A2ABF4AF-6774-4E84-9B81-A9FC2E273BA7}.Debug|x86.Build.0 = Debug|x86
		{A2ABF4AF-6774-4E84-9B81-A9FC2E273BA7}.Release|Any CPU.ActiveCfg = Debug|x86
		{A2ABF4AF-6774-4E84-9B81-A9FC2E273BA7}.Release|Any CPU.Build.0 = Debug|x86
		{A2ABF4AF-6774-4E84-9B81-A9FC2E273BA7}.Release|Mixed Platforms.ActiveCfg = Debug|x86
		{A2ABF4AF-6774-4E84-9B81-A9FC2E273BA7}.Release|Mixed Platforms.Build.0 = Debug|x86
		{A2ABF4AF-6774-4E84-9B81-A9FC2E273BA7}.Release|x86.ActiveCfg = Debug|x86
		{A2ABF4AF-6774-4E84-9B81-A9FC2E273BA7}.Release|x86.Build.0 = Debug|x86
		{B8E2D515-6568-45E4-B6DB-0B8F09B4E887}.Debug|Any CPU.ActiveCfg = Debug|Any CPU
		{B8E2D515-6568-45E4-B6DB-0B8F09B4E887}.Debug|Any CPU.Build.0 = Debug|Any CPU
		{B8E2D515-6568-45E4-B6DB-0B8F09B4E887}.Debug|Mixed Platforms.ActiveCfg = Debug|Any CPU
		{B8E2D515-6568-45E4-B6DB-0B8F09B4E887}.Debug|Mixed Platforms.Build.0 = Debug|Any CPU
		{B8E2D515-6568-45E4-B6DB-0B8F09B4E887}.Debug|x86.ActiveCfg = Debug|Any CPU
		{B8E2D515-6568-45E4-B6DB-0B8F09B4E887}.Release|Any CPU.ActiveCfg = Release|Any CPU
		{B8E2D515-6568-45E4-B6DB-0B8F09B4E887}.Release|Any CPU.Build.0 = Release|Any CPU
		{B8E2D515-6568-45E4-B6DB-0B8F09B4E887}.Release|Mixed Platforms.ActiveCfg = Release|Any CPU
		{B8E2D515-6568-45E4-B6DB-0B8F09B4E887}.Release|Mixed Platforms.Build.0 = Release|Any CPU
		{B8E2D515-6568-45E4-B6DB-0B8F09B4E887}.Release|x86.ActiveCfg = Release|Any CPU
		{B8E2D515-6568-45E4-B6DB-0B8F09B4E887}.Release|x86.Build.0 = Release|Any CPU
	EndGlobalSection
	GlobalSection(SolutionProperties) = preSolution
		HideSolutionNode = FALSE
	EndGlobalSection
EndGlobal
